
Microsoft Visual Studio Solution File, Format Version 12.00
# Visual Studio Version 16
VisualStudioVersion = 16.0.29806.167
MinimumVisualStudioVersion = 10.0.40219.1
Project("{FAE04EC0-301F-11D3-BF4B-00C04F79EFBC}") = "cwiczenia2", "cwiczenia2.csproj", "{348247F6-2A1E-419D-AF35-E2CFC200D9A6}"
EndProject
Global
	GlobalSection(SolutionConfigurationPlatforms) = preSolution
		Debug|Any CPU = Debug|Any CPU
		Release|Any CPU = Release|Any CPU
	EndGlobalSection
	GlobalSection(ProjectConfigurationPlatforms) = postSolution
		{348247F6-2A1E-419D-AF35-E2CFC200D9A6}.Debug|Any CPU.ActiveCfg = Debug|Any CPU
		{348247F6-2A1E-419D-AF35-E2CFC200D9A6}.Debug|Any CPU.Build.0 = Debug|Any CPU
		{348247F6-2A1E-419D-AF35-E2CFC200D9A6}.Release|Any CPU.ActiveCfg = Release|Any CPU
		{348247F6-2A1E-419D-AF35-E2CFC200D9A6}.Release|Any CPU.Build.0 = Release|Any CPU
	EndGlobalSection
	GlobalSection(SolutionProperties) = preSolution
		HideSolutionNode = FALSE
	EndGlobalSection
	GlobalSection(ExtensibilityGlobals) = postSolution
		SolutionGuid = {0EDF5064-6562-45DF-9768-250B24252938}
	EndGlobalSection
EndGlobal
